// !$*UTF8*$!
{
	archiveVersion = 1;
	classes = {
	};
	objectVersion = 55;
	objects = {

/* Begin PBXBuildFile section */
		134162C6282D7118008B9D33 /* AppDelegate.swift in Sources */ = {isa = PBXBuildFile; fileRef = 134162C5282D7118008B9D33 /* AppDelegate.swift */; };
		134162C8282D7118008B9D33 /* SceneDelegate.swift in Sources */ = {isa = PBXBuildFile; fileRef = 134162C7282D7118008B9D33 /* SceneDelegate.swift */; };
		134162CA282D7118008B9D33 /* ViewController.swift in Sources */ = {isa = PBXBuildFile; fileRef = 134162C9282D7118008B9D33 /* ViewController.swift */; };
		134162CD282D7118008B9D33 /* Main.storyboard in Resources */ = {isa = PBXBuildFile; fileRef = 134162CB282D7118008B9D33 /* Main.storyboard */; };
		134162CF282D711B008B9D33 /* Assets.xcassets in Resources */ = {isa = PBXBuildFile; fileRef = 134162CE282D711B008B9D33 /* Assets.xcassets */; };
		134162D2282D711B008B9D33 /* LaunchScreen.storyboard in Resources */ = {isa = PBXBuildFile; fileRef = 134162D0282D711B008B9D33 /* LaunchScreen.storyboard */; };
		134162DD282D711B008B9D33 /* counterTests.swift in Sources */ = {isa = PBXBuildFile; fileRef = 134162DC282D711B008B9D33 /* counterTests.swift */; };
		134162E7282D711B008B9D33 /* counterUITests.swift in Sources */ = {isa = PBXBuildFile; fileRef = 134162E6282D711B008B9D33 /* counterUITests.swift */; };
		134162E9282D711B008B9D33 /* counterUITestsLaunchTests.swift in Sources */ = {isa = PBXBuildFile; fileRef = 134162E8282D711B008B9D33 /* counterUITestsLaunchTests.swift */; };
/* End PBXBuildFile section */

/* Begin PBXContainerItemProxy section */
		134162D9282D711B008B9D33 /* PBXContainerItemProxy */ = {
			isa = PBXContainerItemProxy;
			containerPortal = 134162BA282D7118008B9D33 /* Project object */;
			proxyType = 1;
			remoteGlobalIDString = 134162C1282D7118008B9D33;
			remoteInfo = counter;
		};
		134162E3282D711B008B9D33 /* PBXContainerItemProxy */ = {
			isa = PBXContainerItemProxy;
			containerPortal = 134162BA282D7118008B9D33 /* Project object */;
			proxyType = 1;
			remoteGlobalIDString = 134162C1282D7118008B9D33;
			remoteInfo = counter;
		};
/* End PBXContainerItemProxy section */

/* Begin PBXFileReference section */
		134162C2282D7118008B9D33 /* counter.app */ = {isa = PBXFileReference; explicitFileType = wrapper.application; includeInIndex = 0; path = counter.app; sourceTree = BUILT_PRODUCTS_DIR; };
		134162C5282D7118008B9D33 /* AppDelegate.swift */ = {isa = PBXFileReference; lastKnownFileType = sourcecode.swift; path = AppDelegate.swift; sourceTree = "<group>"; };
		134162C7282D7118008B9D33 /* SceneDelegate.swift */ = {isa = PBXFileReference; lastKnownFileType = sourcecode.swift; path = SceneDelegate.swift; sourceTree = "<group>"; };
		134162C9282D7118008B9D33 /* ViewController.swift */ = {isa = PBXFileReference; lastKnownFileType = sourcecode.swift; path = ViewController.swift; sourceTree = "<group>"; };
		134162CC282D7118008B9D33 /* Base */ = {isa = PBXFileReference; lastKnownFileType = file.storyboard; name = Base; path = Base.lproj/Main.storyboard; sourceTree = "<group>"; };
		134162CE282D711B008B9D33 /* Assets.xcassets */ = {isa = PBXFileReference; lastKnownFileType = folder.assetcatalog; path = Assets.xcassets; sourceTree = "<group>"; };
		134162D1282D711B008B9D33 /* Base */ = {isa = PBXFileReference; lastKnownFileType = file.storyboard; name = Base; path = Base.lproj/LaunchScreen.storyboard; sourceTree = "<group>"; };
		134162D3282D711B008B9D33 /* Info.plist */ = {isa = PBXFileReference; lastKnownFileType = text.plist.xml; path = Info.plist; sourceTree = "<group>"; };
		134162D8282D711B008B9D33 /* counterTests.xctest */ = {isa = PBXFileReference; explicitFileType = wrapper.cfbundle; includeInIndex = 0; path = counterTests.xctest; sourceTree = BUILT_PRODUCTS_DIR; };
		134162DC282D711B008B9D33 /* counterTests.swift */ = {isa = PBXFileReference; lastKnownFileType = sourcecode.swift; path = counterTests.swift; sourceTree = "<group>"; };
		134162E2282D711B008B9D33 /* counterUITests.xctest */ = {isa = PBXFileReference; explicitFileType = wrapper.cfbundle; includeInIndex = 0; path = counterUITests.xctest; sourceTree = BUILT_PRODUCTS_DIR; };
		134162E6282D711B008B9D33 /* counterUITests.swift */ = {isa = PBXFileReference; lastKnownFileType = sourcecode.swift; path = counterUITests.swift; sourceTree = "<group>"; };
		134162E8282D711B008B9D33 /* counterUITestsLaunchTests.swift */ = {isa = PBXFileReference; lastKnownFileType = sourcecode.swift; path = counterUITestsLaunchTests.swift; sourceTree = "<group>"; };
/* End PBXFileReference section */

/* Begin PBXFrameworksBuildPhase section */
		134162BF282D7118008B9D33 /* Frameworks */ = {
			isa = PBXFrameworksBuildPhase;
			buildActionMask = 2147483647;
			files = (
			);
			runOnlyForDeploymentPostprocessing = 0;
		};
		134162D5282D711B008B9D33 /* Frameworks */ = {
			isa = PBXFrameworksBuildPhase;
			buildActionMask = 2147483647;
			files = (
			);
			runOnlyForDeploymentPostprocessing = 0;
		};
		134162DF282D711B008B9D33 /* Frameworks */ = {
			isa = PBXFrameworksBuildPhase;
			buildActionMask = 2147483647;
			files = (
			);
			runOnlyForDeploymentPostprocessing = 0;
		};
/* End PBXFrameworksBuildPhase section */

/* Begin PBXGroup section */
		134162B9282D7118008B9D33 = {
			isa = PBXGroup;
			children = (
				134162C4282D7118008B9D33 /* counter */,
				134162DB282D711B008B9D33 /* counterTests */,
				134162E5282D711B008B9D33 /* counterUITests */,
				134162C3282D7118008B9D33 /* Products */,
			);
			sourceTree = "<group>";
		};
		134162C3282D7118008B9D33 /* Products */ = {
			isa = PBXGroup;
			children = (
				134162C2282D7118008B9D33 /* counter.app */,
				134162D8282D711B008B9D33 /* counterTests.xctest */,
				134162E2282D711B008B9D33 /* counterUITests.xctest */,
			);
			name = Products;
			sourceTree = "<group>";
		};
		134162C4282D7118008B9D33 /* counter */ = {
			isa = PBXGroup;
			children = (
				134162C5282D7118008B9D33 /* AppDelegate.swift */,
				134162C7282D7118008B9D33 /* SceneDelegate.swift */,
				134162C9282D7118008B9D33 /* ViewController.swift */,
				134162CB282D7118008B9D33 /* Main.storyboard */,
				134162CE282D711B008B9D33 /* Assets.xcassets */,
				134162D0282D711B008B9D33 /* LaunchScreen.storyboard */,
				134162D3282D711B008B9D33 /* Info.plist */,
			);
			path = counter;
			sourceTree = "<group>";
		};
		134162DB282D711B008B9D33 /* counterTests */ = {
			isa = PBXGroup;
			children = (
				134162DC282D711B008B9D33 /* counterTests.swift */,
			);
			path = counterTests;
			sourceTree = "<group>";
		};
		134162E5282D711B008B9D33 /* counterUITests */ = {
			isa = PBXGroup;
			children = (
				134162E6282D711B008B9D33 /* counterUITests.swift */,
				134162E8282D711B008B9D33 /* counterUITestsLaunchTests.swift */,
			);
			path = counterUITests;
			sourceTree = "<group>";
		};
/* End PBXGroup section */

/* Begin PBXNativeTarget section */
		134162C1282D7118008B9D33 /* counter */ = {
			isa = PBXNativeTarget;
			buildConfigurationList = 134162EC282D711B008B9D33 /* Build configuration list for PBXNativeTarget "counter" */;
			buildPhases = (
				134162BE282D7118008B9D33 /* Sources */,
				134162BF282D7118008B9D33 /* Frameworks */,
				134162C0282D7118008B9D33 /* Resources */,
			);
			buildRules = (
			);
			dependencies = (
			);
			name = counter;
			productName = counter;
			productReference = 134162C2282D7118008B9D33 /* counter.app */;
			productType = "com.apple.product-type.application";
		};
		134162D7282D711B008B9D33 /* counterTests */ = {
			isa = PBXNativeTarget;
			buildConfigurationList = 134162EF282D711B008B9D33 /* Build configuration list for PBXNativeTarget "counterTests" */;
			buildPhases = (
				134162D4282D711B008B9D33 /* Sources */,
				134162D5282D711B008B9D33 /* Frameworks */,
				134162D6282D711B008B9D33 /* Resources */,
			);
			buildRules = (
			);
			dependencies = (
				134162DA282D711B008B9D33 /* PBXTargetDependency */,
			);
			name = counterTests;
			productName = counterTests;
			productReference = 134162D8282D711B008B9D33 /* counterTests.xctest */;
			productType = "com.apple.product-type.bundle.unit-test";
		};
		134162E1282D711B008B9D33 /* counterUITests */ = {
			isa = PBXNativeTarget;
			buildConfigurationList = 134162F2282D711B008B9D33 /* Build configuration list for PBXNativeTarget "counterUITests" */;
			buildPhases = (
				134162DE282D711B008B9D33 /* Sources */,
				134162DF282D711B008B9D33 /* Frameworks */,
				134162E0282D711B008B9D33 /* Resources */,
			);
			buildRules = (
			);
			dependencies = (
				134162E4282D711B008B9D33 /* PBXTargetDependency */,
			);
			name = counterUITests;
			productName = counterUITests;
			productReference = 134162E2282D711B008B9D33 /* counterUITests.xctest */;
			productType = "com.apple.product-type.bundle.ui-testing";
		};
/* End PBXNativeTarget section */

/* Begin PBXProject section */
		134162BA282D7118008B9D33 /* Project object */ = {
			isa = PBXProject;
			attributes = {
				BuildIndependentTargetsInParallel = 1;
				LastSwiftUpdateCheck = 1330;
				LastUpgradeCheck = 1330;
				TargetAttributes = {
					134162C1282D7118008B9D33 = {
						CreatedOnToolsVersion = 13.3.1;
					};
					134162D7282D711B008B9D33 = {
						CreatedOnToolsVersion = 13.3.1;
						TestTargetID = 134162C1282D7118008B9D33;
					};
					134162E1282D711B008B9D33 = {
						CreatedOnToolsVersion = 13.3.1;
						TestTargetID = 134162C1282D7118008B9D33;
					};
				};
			};
			buildConfigurationList = 134162BD282D7118008B9D33 /* Build configuration list for PBXProject "counter" */;
			compatibilityVersion = "Xcode 13.0";
			developmentRegion = en;
			hasScannedForEncodings = 0;
			knownRegions = (
				en,
				Base,
			);
			mainGroup = 134162B9282D7118008B9D33;
			productRefGroup = 134162C3282D7118008B9D33 /* Products */;
			projectDirPath = "";
			projectRoot = "";
			targets = (
				134162C1282D7118008B9D33 /* counter */,
				134162D7282D711B008B9D33 /* counterTests */,
				134162E1282D711B008B9D33 /* counterUITests */,
			);
		};
/* End PBXProject section */

/* Begin PBXResourcesBuildPhase section */
		134162C0282D7118008B9D33 /* Resources */ = {
			isa = PBXResourcesBuildPhase;
			buildActionMask = 2147483647;
			files = (
				134162D2282D711B008B9D33 /* LaunchScreen.storyboard in Resources */,
				134162CF282D711B008B9D33 /* Assets.xcassets in Resources */,
				134162CD282D7118008B9D33 /* Main.storyboard in Resources */,
			);
			runOnlyForDeploymentPostprocessing = 0;
		};
		134162D6282D711B008B9D33 /* Resources */ = {
			isa = PBXResourcesBuildPhase;
			buildActionMask = 2147483647;
			files = (
			);
			runOnlyForDeploymentPostprocessing = 0;
		};
		134162E0282D711B008B9D33 /* Resources */ = {
			isa = PBXResourcesBuildPhase;
			buildActionMask = 2147483647;
			files = (
			);
			runOnlyForDeploymentPostprocessing = 0;
		};
/* End PBXResourcesBuildPhase section */

/* Begin PBXSourcesBuildPhase section */
		134162BE282D7118008B9D33 /* Sources */ = {
			isa = PBXSourcesBuildPhase;
			buildActionMask = 2147483647;
			files = (
				134162CA282D7118008B9D33 /* ViewController.swift in Sources */,
				134162C6282D7118008B9D33 /* AppDelegate.swift in Sources */,
				134162C8282D7118008B9D33 /* SceneDelegate.swift in Sources */,
			);
			runOnlyForDeploymentPostprocessing = 0;
		};
		134162D4282D711B008B9D33 /* Sources */ = {
			isa = PBXSourcesBuildPhase;
			buildActionMask = 2147483647;
			files = (
				134162DD282D711B008B9D33 /* counterTests.swift in Sources */,
			);
			runOnlyForDeploymentPostprocessing = 0;
		};
		134162DE282D711B008B9D33 /* Sources */ = {
			isa = PBXSourcesBuildPhase;
			buildActionMask = 2147483647;
			files = (
				134162E7282D711B008B9D33 /* counterUITests.swift in Sources */,
				134162E9282D711B008B9D33 /* counterUITestsLaunchTests.swift in Sources */,
			);
			runOnlyForDeploymentPostprocessing = 0;
		};
/* End PBXSourcesBuildPhase section */

/* Begin PBXTargetDependency section */
		134162DA282D711B008B9D33 /* PBXTargetDependency */ = {
			isa = PBXTargetDependency;
			target = 134162C1282D7118008B9D33 /* counter */;
			targetProxy = 134162D9282D711B008B9D33 /* PBXContainerItemProxy */;
		};
		134162E4282D711B008B9D33 /* PBXTargetDependency */ = {
			isa = PBXTargetDependency;
			target = 134162C1282D7118008B9D33 /* counter */;
			targetProxy = 134162E3282D711B008B9D33 /* PBXContainerItemProxy */;
		};
/* End PBXTargetDependency section */

/* Begin PBXVariantGroup section */
		134162CB282D7118008B9D33 /* Main.storyboard */ = {
			isa = PBXVariantGroup;
			children = (
				134162CC282D7118008B9D33 /* Base */,
			);
			name = Main.storyboard;
			sourceTree = "<group>";
		};
		134162D0282D711B008B9D33 /* LaunchScreen.storyboard */ = {
			isa = PBXVariantGroup;
			children = (
				134162D1282D711B008B9D33 /* Base */,
			);
			name = LaunchScreen.storyboard;
			sourceTree = "<group>";
		};
/* End PBXVariantGroup section */

/* Begin XCBuildConfiguration section */
		134162EA282D711B008B9D33 /* Debug */ = {
			isa = XCBuildConfiguration;
			buildSettings = {
				ALWAYS_SEARCH_USER_PATHS = NO;
				CLANG_ANALYZER_NONNULL = YES;
				CLANG_ANALYZER_NUMBER_OBJECT_CONVERSION = YES_AGGRESSIVE;
				CLANG_CXX_LANGUAGE_STANDARD = "gnu++17";
				CLANG_ENABLE_MODULES = YES;
				CLANG_ENABLE_OBJC_ARC = YES;
				CLANG_ENABLE_OBJC_WEAK = YES;
				CLANG_WARN_BLOCK_CAPTURE_AUTORELEASING = YES;
				CLANG_WARN_BOOL_CONVERSION = YES;
				CLANG_WARN_COMMA = YES;
				CLANG_WARN_CONSTANT_CONVERSION = YES;
				CLANG_WARN_DEPRECATED_OBJC_IMPLEMENTATIONS = YES;
				CLANG_WARN_DIRECT_OBJC_ISA_USAGE = YES_ERROR;
				CLANG_WARN_DOCUMENTATION_COMMENTS = YES;
				CLANG_WARN_EMPTY_BODY = YES;
				CLANG_WARN_ENUM_CONVERSION = YES;
				CLANG_WARN_INFINITE_RECURSION = YES;
				CLANG_WARN_INT_CONVERSION = YES;
				CLANG_WARN_NON_LITERAL_NULL_CONVERSION = YES;
				CLANG_WARN_OBJC_IMPLICIT_RETAIN_SELF = YES;
				CLANG_WARN_OBJC_LITERAL_CONVERSION = YES;
				CLANG_WARN_OBJC_ROOT_CLASS = YES_ERROR;
				CLANG_WARN_QUOTED_INCLUDE_IN_FRAMEWORK_HEADER = YES;
				CLANG_WARN_RANGE_LOOP_ANALYSIS = YES;
				CLANG_WARN_STRICT_PROTOTYPES = YES;
				CLANG_WARN_SUSPICIOUS_MOVE = YES;
				CLANG_WARN_UNGUARDED_AVAILABILITY = YES_AGGRESSIVE;
				CLANG_WARN_UNREACHABLE_CODE = YES;
				CLANG_WARN__DUPLICATE_METHOD_MATCH = YES;
				COPY_PHASE_STRIP = NO;
				DEBUG_INFORMATION_FORMAT = dwarf;
				ENABLE_STRICT_OBJC_MSGSEND = YES;
				ENABLE_TESTABILITY = YES;
				GCC_C_LANGUAGE_STANDARD = gnu11;
				GCC_DYNAMIC_NO_PIC = NO;
				GCC_NO_COMMON_BLOCKS = YES;
				GCC_OPTIMIZATION_LEVEL = 0;
				GCC_PREPROCESSOR_DEFINITIONS = (
					"DEBUG=1",
					"$(inherited)",
				);
				GCC_WARN_64_TO_32_BIT_CONVERSION = YES;
				GCC_WARN_ABOUT_RETURN_TYPE = YES_ERROR;
				GCC_WARN_UNDECLARED_SELECTOR = YES;
				GCC_WARN_UNINITIALIZED_AUTOS = YES_AGGRESSIVE;
				GCC_WARN_UNUSED_FUNCTION = YES;
				GCC_WARN_UNUSED_VARIABLE = YES;
				IPHONEOS_DEPLOYMENT_TARGET = 15.4;
				MTL_ENABLE_DEBUG_INFO = INCLUDE_SOURCE;
				MTL_FAST_MATH = YES;
				ONLY_ACTIVE_ARCH = YES;
				SDKROOT = iphoneos;
				SWIFT_ACTIVE_COMPILATION_CONDITIONS = DEBUG;
				SWIFT_OPTIMIZATION_LEVEL = "-Onone";
			};
			name = Debug;
		};
		134162EB282D711B008B9D33 /* Release */ = {
			isa = XCBuildConfiguration;
			buildSettings = {
				ALWAYS_SEARCH_USER_PATHS = NO;
				CLANG_ANALYZER_NONNULL = YES;
				CLANG_ANALYZER_NUMBER_OBJECT_CONVERSION = YES_AGGRESSIVE;
				CLANG_CXX_LANGUAGE_STANDARD = "gnu++17";
				CLANG_ENABLE_MODULES = YES;
				CLANG_ENABLE_OBJC_ARC = YES;
				CLANG_ENABLE_OBJC_WEAK = YES;
				CLANG_WARN_BLOCK_CAPTURE_AUTORELEASING = YES;
				CLANG_WARN_BOOL_CONVERSION = YES;
				CLANG_WARN_COMMA = YES;
				CLANG_WARN_CONSTANT_CONVERSION = YES;
				CLANG_WARN_DEPRECATED_OBJC_IMPLEMENTATIONS = YES;
				CLANG_WARN_DIRECT_OBJC_ISA_USAGE = YES_ERROR;
				CLANG_WARN_DOCUMENTATION_COMMENTS = YES;
				CLANG_WARN_EMPTY_BODY = YES;
				CLANG_WARN_ENUM_CONVERSION = YES;
				CLANG_WARN_INFINITE_RECURSION = YES;
				CLANG_WARN_INT_CONVERSION = YES;
				CLANG_WARN_NON_LITERAL_NULL_CONVERSION = YES;
				CLANG_WARN_OBJC_IMPLICIT_RETAIN_SELF = YES;
				CLANG_WARN_OBJC_LITERAL_CONVERSION = YES;
				CLANG_WARN_OBJC_ROOT_CLASS = YES_ERROR;
				CLANG_WARN_QUOTED_INCLUDE_IN_FRAMEWORK_HEADER = YES;
				CLANG_WARN_RANGE_LOOP_ANALYSIS = YES;
				CLANG_WARN_STRICT_PROTOTYPES = YES;
				CLANG_WARN_SUSPICIOUS_MOVE = YES;
				CLANG_WARN_UNGUARDED_AVAILABILITY = YES_AGGRESSIVE;
				CLANG_WARN_UNREACHABLE_CODE = YES;
				CLANG_WARN__DUPLICATE_METHOD_MATCH = YES;
				COPY_PHASE_STRIP = NO;
				DEBUG_INFORMATION_FORMAT = "dwarf-with-dsym";
				ENABLE_NS_ASSERTIONS = NO;
				ENABLE_STRICT_OBJC_MSGSEND = YES;
				GCC_C_LANGUAGE_STANDARD = gnu11;
				GCC_NO_COMMON_BLOCKS = YES;
				GCC_WARN_64_TO_32_BIT_CONVERSION = YES;
				GCC_WARN_ABOUT_RETURN_TYPE = YES_ERROR;
				GCC_WARN_UNDECLARED_SELECTOR = YES;
				GCC_WARN_UNINITIALIZED_AUTOS = YES_AGGRESSIVE;
				GCC_WARN_UNUSED_FUNCTION = YES;
				GCC_WARN_UNUSED_VARIABLE = YES;
				IPHONEOS_DEPLOYMENT_TARGET = 15.4;
				MTL_ENABLE_DEBUG_INFO = NO;
				MTL_FAST_MATH = YES;
				SDKROOT = iphoneos;
				SWIFT_COMPILATION_MODE = wholemodule;
				SWIFT_OPTIMIZATION_LEVEL = "-O";
				VALIDATE_PRODUCT = YES;
			};
			name = Release;
		};
		134162ED282D711B008B9D33 /* Debug */ = {
			isa = XCBuildConfiguration;
			buildSettings = {
				ASSETCATALOG_COMPILER_APPICON_NAME = AppIcon;
				ASSETCATALOG_COMPILER_GLOBAL_ACCENT_COLOR_NAME = AccentColor;
				CODE_SIGN_STYLE = Automatic;
				CURRENT_PROJECT_VERSION = 1;
				GENERATE_INFOPLIST_FILE = YES;
				INFOPLIST_FILE = counter/Info.plist;
				INFOPLIST_KEY_UIApplicationSupportsIndirectInputEvents = YES;
				INFOPLIST_KEY_UILaunchStoryboardName = LaunchScreen;
				INFOPLIST_KEY_UIMainStoryboardFile = Main;
				INFOPLIST_KEY_UISupportedInterfaceOrientations_iPad = "UIInterfaceOrientationPortrait UIInterfaceOrientationPortraitUpsideDown UIInterfaceOrientationLandscapeLeft UIInterfaceOrientationLandscapeRight";
				INFOPLIST_KEY_UISupportedInterfaceOrientations_iPhone = "UIInterfaceOrientationPortrait UIInterfaceOrientationLandscapeLeft UIInterfaceOrientationLandscapeRight";
				LD_RUNPATH_SEARCH_PATHS = (
					"$(inherited)",
					"@executable_path/Frameworks",
				);
				MARKETING_VERSION = 1.0;
				PRODUCT_BUNDLE_IDENTIFIER = br.picpay.counter;
				PRODUCT_NAME = "$(TARGET_NAME)";
				SWIFT_EMIT_LOC_STRINGS = YES;
				SWIFT_VERSION = 5.0;
				TARGETED_DEVICE_FAMILY = "1,2";
			};
			name = Debug;
		};
		134162EE282D711B008B9D33 /* Release */ = {
			isa = XCBuildConfiguration;
			buildSettings = {
				ASSETCATALOG_COMPILER_APPICON_NAME = AppIcon;
				ASSETCATALOG_COMPILER_GLOBAL_ACCENT_COLOR_NAME = AccentColor;
				CODE_SIGN_STYLE = Automatic;
				CURRENT_PROJECT_VERSION = 1;
				GENERATE_INFOPLIST_FILE = YES;
				INFOPLIST_FILE = counter/Info.plist;
				INFOPLIST_KEY_UIApplicationSupportsIndirectInputEvents = YES;
				INFOPLIST_KEY_UILaunchStoryboardName = LaunchScreen;
				INFOPLIST_KEY_UIMainStoryboardFile = Main;
				INFOPLIST_KEY_UISupportedInterfaceOrientations_iPad = "UIInterfaceOrientationPortrait UIInterfaceOrientationPortraitUpsideDown UIInterfaceOrientationLandscapeLeft UIInterfaceOrientationLandscapeRight";
				INFOPLIST_KEY_UISupportedInterfaceOrientations_iPhone = "UIInterfaceOrientationPortrait UIInterfaceOrientationLandscapeLeft UIInterfaceOrientationLandscapeRight";
				LD_RUNPATH_SEARCH_PATHS = (
					"$(inherited)",
					"@executable_path/Frameworks",
				);
				MARKETING_VERSION = 1.0;
				PRODUCT_BUNDLE_IDENTIFIER = br.picpay.counter;
				PRODUCT_NAME = "$(TARGET_NAME)";
				SWIFT_EMIT_LOC_STRINGS = YES;
				SWIFT_VERSION = 5.0;
				TARGETED_DEVICE_FAMILY = "1,2";
			};
			name = Release;
		};
		134162F0282D711B008B9D33 /* Debug */ = {
			isa = XCBuildConfiguration;
			buildSettings = {
				ALWAYS_EMBED_SWIFT_STANDARD_LIBRARIES = YES;
				BUNDLE_LOADER = "$(TEST_HOST)";
				CODE_SIGN_STYLE = Automatic;
				CURRENT_PROJECT_VERSION = 1;
				GENERATE_INFOPLIST_FILE = YES;
				IPHONEOS_DEPLOYMENT_TARGET = 15.4;
				MARKETING_VERSION = 1.0;
				PRODUCT_BUNDLE_IDENTIFIER = br.picpay.counterTests;
				PRODUCT_NAME = "$(TARGET_NAME)";
				SWIFT_EMIT_LOC_STRINGS = NO;
				SWIFT_VERSION = 5.0;
				TARGETED_DEVICE_FAMILY = "1,2";
				TEST_HOST = "$(BUILT_PRODUCTS_DIR)/counter.app/counter";
			};
			name = Debug;
		};
		134162F1282D711B008B9D33 /* Release */ = {
			isa = XCBuildConfiguration;
			buildSettings = {
				ALWAYS_EMBED_SWIFT_STANDARD_LIBRARIES = YES;
				BUNDLE_LOADER = "$(TEST_HOST)";
				CODE_SIGN_STYLE = Automatic;
				CURRENT_PROJECT_VERSION = 1;
				GENERATE_INFOPLIST_FILE = YES;
				IPHONEOS_DEPLOYMENT_TARGET = 15.4;
				MARKETING_VERSION = 1.0;
				PRODUCT_BUNDLE_IDENTIFIER = br.picpay.counterTests;
				PRODUCT_NAME = "$(TARGET_NAME)";
				SWIFT_EMIT_LOC_STRINGS = NO;
				SWIFT_VERSION = 5.0;
				TARGETED_DEVICE_FAMILY = "1,2";
				TEST_HOST = "$(BUILT_PRODUCTS_DIR)/counter.app/counter";
			};
			name = Release;
		};
		134162F3282D711B008B9D33 /* Debug */ = {
			isa = XCBuildConfiguration;
			buildSettings = {
				ALWAYS_EMBED_SWIFT_STANDARD_LIBRARIES = YES;
				CODE_SIGN_STYLE = Automatic;
				CURRENT_PROJECT_VERSION = 1;
				GENERATE_INFOPLIST_FILE = YES;
				MARKETING_VERSION = 1.0;
				PRODUCT_BUNDLE_IDENTIFIER = br.picpay.counterUITests;
				PRODUCT_NAME = "$(TARGET_NAME)";
				SWIFT_EMIT_LOC_STRINGS = NO;
				SWIFT_VERSION = 5.0;
				TARGETED_DEVICE_FAMILY = "1,2";
				TEST_TARGET_NAME = counter;
			};
			name = Debug;
		};
		134162F4282D711B008B9D33 /* Release */ = {
			isa = XCBuildConfiguration;
			buildSettings = {
				ALWAYS_EMBED_SWIFT_STANDARD_LIBRARIES = YES;
				CODE_SIGN_STYLE = Automatic;
				CURRENT_PROJECT_VERSION = 1;
				GENERATE_INFOPLIST_FILE = YES;
				MARKETING_VERSION = 1.0;
				PRODUCT_BUNDLE_IDENTIFIER = br.picpay.counterUITests;
				PRODUCT_NAME = "$(TARGET_NAME)";
				SWIFT_EMIT_LOC_STRINGS = NO;
				SWIFT_VERSION = 5.0;
				TARGETED_DEVICE_FAMILY = "1,2";
				TEST_TARGET_NAME = counter;
			};
			name = Release;
		};
/* End XCBuildConfiguration section */

/* Begin XCConfigurationList section */
		134162BD282D7118008B9D33 /* Build configuration list for PBXProject "counter" */ = {
			isa = XCConfigurationList;
			buildConfigurations = (
				134162EA282D711B008B9D33 /* Debug */,
				134162EB282D711B008B9D33 /* Release */,
			);
			defaultConfigurationIsVisible = 0;
			defaultConfigurationName = Release;
		};
		134162EC282D711B008B9D33 /* Build configuration list for PBXNativeTarget "counter" */ = {
			isa = XCConfigurationList;
			buildConfigurations = (
				134162ED282D711B008B9D33 /* Debug */,
				134162EE282D711B008B9D33 /* Release */,
			);
			defaultConfigurationIsVisible = 0;
			defaultConfigurationName = Release;
		};
		134162EF282D711B008B9D33 /* Build configuration list for PBXNativeTarget "counterTests" */ = {
			isa = XCConfigurationList;
			buildConfigurations = (
				134162F0282D711B008B9D33 /* Debug */,
				134162F1282D711B008B9D33 /* Release */,
			);
			defaultConfigurationIsVisible = 0;
			defaultConfigurationName = Release;
		};
		134162F2282D711B008B9D33 /* Build configuration list for PBXNativeTarget "counterUITests" */ = {
			isa = XCConfigurationList;
			buildConfigurations = (
				134162F3282D711B008B9D33 /* Debug */,
				134162F4282D711B008B9D33 /* Release */,
			);
			defaultConfigurationIsVisible = 0;
			defaultConfigurationName = Release;
		};
/* End XCConfigurationList section */
	};
	rootObject = 134162BA282D7118008B9D33 /* Project object */;
}
